# This file is autogenerated, do not edit; changes may be undone by the next 'dep ensure'.


[[projects]]
  name = "github.com/hashicorp/logutils"
  packages = ["."]
  revision = "a335183dfd075f638afcc820c90591ca3c97eba6"
  version = "v1.0.0"

[[projects]]
  name = "github.com/jessevdk/go-flags"
  packages = ["."]
  revision = "c6ca198ec95c841fdb89fc0de7496fed11ab854e"
  version = "v1.4.0"

[[projects]]
  branch = "master"
  name = "github.com/streadway/amqp"
  packages = ["."]
  revision = "70e15c650864f4fc47f5d3c82ea117285480895d"

[solve-meta]
  analyzer-name = "dep"
  analyzer-version = 1
  inputs-digest = "a78726edd8f75871d0212ec1854786c30a3c2f561639995045baf30c6efc8501"
  solver-name = "gps-cdcl"
  solver-version = 1
